
Microsoft Visual Studio Solution File, Format Version 12.00
# Visual Studio 14
VisualStudioVersion = 14.0.25123.0
MinimumVisualStudioVersion = 10.0.40219.1
Project("{2150E333-8FDC-42A3-9474-1A3956D46DE8}") = "Engine", "Engine", "{F04E4B5F-B43E-43D9-BA40-149DE85E450D}"
EndProject
Project("{2150E333-8FDC-42A3-9474-1A3956D46DE8}") = "Games", "Games", "{A3464993-76E5-4C96-8AEC-9A61D9B4A674}"
EndProject
Project("{8BC9CEB8-8B4A-11D0-8D11-00A0C91BC942}") = "UE4", "Intermediate\ProjectFiles\UE4.vcxproj", "{A8B35A93-86C0-455F-998C-FF1AE5CEC237}"
EndProject
Project("{8BC9CEB8-8B4A-11D0-8D11-00A0C91BC942}") = "Wryv", "Intermediate\ProjectFiles\Wryv.vcxproj", "{8A53D2E2-D3BA-441F-BBEE-1C370B93BAC3}"
EndProject
Global
	GlobalSection(SolutionConfigurationPlatforms) = preSolution
		DebugGame Editor|HTML5 = DebugGame Editor|HTML5
		DebugGame Editor|Win32 = DebugGame Editor|Win32
		DebugGame Editor|Win64 = DebugGame Editor|Win64
		DebugGame Editor|x64 = DebugGame Editor|x64
		DebugGame|HTML5 = DebugGame|HTML5
		DebugGame|Win32 = DebugGame|Win32
		DebugGame|Win64 = DebugGame|Win64
		DebugGame|x64 = DebugGame|x64
		Development Editor|HTML5 = Development Editor|HTML5
		Development Editor|Win32 = Development Editor|Win32
		Development Editor|Win64 = Development Editor|Win64
		Development Editor|x64 = Development Editor|x64
		Development|HTML5 = Development|HTML5
		Development|Win32 = Development|Win32
		Development|Win64 = Development|Win64
		Development|x64 = Development|x64
		Shipping|HTML5 = Shipping|HTML5
		Shipping|Win32 = Shipping|Win32
		Shipping|Win64 = Shipping|Win64
		Shipping|x64 = Shipping|x64
	EndGlobalSection
	GlobalSection(ProjectConfigurationPlatforms) = postSolution
		{A8B35A93-86C0-455F-998C-FF1AE5CEC237}.DebugGame Editor|HTML5.ActiveCfg = BuiltWithUnrealBuildTool|Win32
		{A8B35A93-86C0-455F-998C-FF1AE5CEC237}.DebugGame Editor|HTML5.Build.0 = BuiltWithUnrealBuildTool|Win32
		{A8B35A93-86C0-455F-998C-FF1AE5CEC237}.DebugGame Editor|Win32.ActiveCfg = BuiltWithUnrealBuildTool|Win32
		{A8B35A93-86C0-455F-998C-FF1AE5CEC237}.DebugGame Editor|Win32.Build.0 = BuiltWithUnrealBuildTool|Win32
		{A8B35A93-86C0-455F-998C-FF1AE5CEC237}.DebugGame Editor|Win64.ActiveCfg = BuiltWithUnrealBuildTool|Win32
		{A8B35A93-86C0-455F-998C-FF1AE5CEC237}.DebugGame Editor|Win64.Build.0 = BuiltWithUnrealBuildTool|Win32
		{A8B35A93-86C0-455F-998C-FF1AE5CEC237}.DebugGame Editor|x64.ActiveCfg = BuiltWithUnrealBuildTool|Win32
		{A8B35A93-86C0-455F-998C-FF1AE5CEC237}.DebugGame Editor|x64.Build.0 = BuiltWithUnrealBuildTool|Win32
		{A8B35A93-86C0-455F-998C-FF1AE5CEC237}.DebugGame|HTML5.ActiveCfg = BuiltWithUnrealBuildTool|Win32
		{A8B35A93-86C0-455F-998C-FF1AE5CEC237}.DebugGame|HTML5.Build.0 = BuiltWithUnrealBuildTool|Win32
		{A8B35A93-86C0-455F-998C-FF1AE5CEC237}.DebugGame|Win32.ActiveCfg = BuiltWithUnrealBuildTool|Win32
		{A8B35A93-86C0-455F-998C-FF1AE5CEC237}.DebugGame|Win32.Build.0 = BuiltWithUnrealBuildTool|Win32
		{A8B35A93-86C0-455F-998C-FF1AE5CEC237}.DebugGame|Win64.ActiveCfg = BuiltWithUnrealBuildTool|Win32
		{A8B35A93-86C0-455F-998C-FF1AE5CEC237}.DebugGame|Win64.Build.0 = BuiltWithUnrealBuildTool|Win32
		{A8B35A93-86C0-455F-998C-FF1AE5CEC237}.DebugGame|x64.ActiveCfg = BuiltWithUnrealBuildTool|x64
		{A8B35A93-86C0-455F-998C-FF1AE5CEC237}.DebugGame|x64.Build.0 = BuiltWithUnrealBuildTool|x64
		{A8B35A93-86C0-455F-998C-FF1AE5CEC237}.Development Editor|HTML5.ActiveCfg = BuiltWithUnrealBuildTool|Win32
		{A8B35A93-86C0-455F-998C-FF1AE5CEC237}.Development Editor|HTML5.Build.0 = BuiltWithUnrealBuildTool|Win32
		{A8B35A93-86C0-455F-998C-FF1AE5CEC237}.Development Editor|Win32.ActiveCfg = BuiltWithUnrealBuildTool|Win32
		{A8B35A93-86C0-455F-998C-FF1AE5CEC237}.Development Editor|Win32.Build.0 = BuiltWithUnrealBuildTool|Win32
		{A8B35A93-86C0-455F-998C-FF1AE5CEC237}.Development Editor|Win64.ActiveCfg = BuiltWithUnrealBuildTool|Win32
		{A8B35A93-86C0-455F-998C-FF1AE5CEC237}.Development Editor|Win64.Build.0 = BuiltWithUnrealBuildTool|Win32
		{A8B35A93-86C0-455F-998C-FF1AE5CEC237}.Development Editor|x64.ActiveCfg = BuiltWithUnrealBuildTool|x64
		{A8B35A93-86C0-455F-998C-FF1AE5CEC237}.Development Editor|x64.Build.0 = BuiltWithUnrealBuildTool|x64
		{A8B35A93-86C0-455F-998C-FF1AE5CEC237}.Development|HTML5.ActiveCfg = BuiltWithUnrealBuildTool|Win32
		{A8B35A93-86C0-455F-998C-FF1AE5CEC237}.Development|HTML5.Build.0 = BuiltWithUnrealBuildTool|Win32
		{A8B35A93-86C0-455F-998C-FF1AE5CEC237}.Development|Win32.ActiveCfg = BuiltWithUnrealBuildTool|Win32
		{A8B35A93-86C0-455F-998C-FF1AE5CEC237}.Development|Win32.Build.0 = BuiltWithUnrealBuildTool|Win32
		{A8B35A93-86C0-455F-998C-FF1AE5CEC237}.Development|Win64.ActiveCfg = BuiltWithUnrealBuildTool|Win32
		{A8B35A93-86C0-455F-998C-FF1AE5CEC237}.Development|Win64.Build.0 = BuiltWithUnrealBuildTool|Win32
		{A8B35A93-86C0-455F-998C-FF1AE5CEC237}.Development|x64.ActiveCfg = BuiltWithUnrealBuildTool|x64
		{A8B35A93-86C0-455F-998C-FF1AE5CEC237}.Development|x64.Build.0 = BuiltWithUnrealBuildTool|x64
		{A8B35A93-86C0-455F-998C-FF1AE5CEC237}.Shipping|HTML5.ActiveCfg = BuiltWithUnrealBuildTool|Win32
		{A8B35A93-86C0-455F-998C-FF1AE5CEC237}.Shipping|HTML5.Build.0 = BuiltWithUnrealBuildTool|Win32
		{A8B35A93-86C0-455F-998C-FF1AE5CEC237}.Shipping|Win32.ActiveCfg = BuiltWithUnrealBuildTool|Win32
		{A8B35A93-86C0-455F-998C-FF1AE5CEC237}.Shipping|Win32.Build.0 = BuiltWithUnrealBuildTool|Win32
		{A8B35A93-86C0-455F-998C-FF1AE5CEC237}.Shipping|Win64.ActiveCfg = BuiltWithUnrealBuildTool|Win32
		{A8B35A93-86C0-455F-998C-FF1AE5CEC237}.Shipping|Win64.Build.0 = BuiltWithUnrealBuildTool|Win32
		{A8B35A93-86C0-455F-998C-FF1AE5CEC237}.Shipping|x64.ActiveCfg = BuiltWithUnrealBuildTool|x64
		{A8B35A93-86C0-455F-998C-FF1AE5CEC237}.Shipping|x64.Build.0 = BuiltWithUnrealBuildTool|x64
		{8A53D2E2-D3BA-441F-BBEE-1C370B93BAC3}.DebugGame Editor|HTML5.ActiveCfg = HTML5_DebugGame_Editor|Win32
		{8A53D2E2-D3BA-441F-BBEE-1C370B93BAC3}.DebugGame Editor|Win32.ActiveCfg = DebugGame_Editor|Win32
		{8A53D2E2-D3BA-441F-BBEE-1C370B93BAC3}.DebugGame Editor|Win64.ActiveCfg = DebugGame_Editor|x64
		{8A53D2E2-D3BA-441F-BBEE-1C370B93BAC3}.DebugGame Editor|Win64.Build.0 = DebugGame_Editor|x64
		{8A53D2E2-D3BA-441F-BBEE-1C370B93BAC3}.DebugGame Editor|x64.ActiveCfg = DebugGame_Game|x64
		{8A53D2E2-D3BA-441F-BBEE-1C370B93BAC3}.DebugGame Editor|x64.Build.0 = DebugGame_Game|x64
		{8A53D2E2-D3BA-441F-BBEE-1C370B93BAC3}.DebugGame|HTML5.ActiveCfg = HTML5_DebugGame_Game|Win32
		{8A53D2E2-D3BA-441F-BBEE-1C370B93BAC3}.DebugGame|HTML5.Build.0 = HTML5_DebugGame_Game|Win32
		{8A53D2E2-D3BA-441F-BBEE-1C370B93BAC3}.DebugGame|Win32.ActiveCfg = DebugGame_Game|Win32
		{8A53D2E2-D3BA-441F-BBEE-1C370B93BAC3}.DebugGame|Win32.Build.0 = DebugGame_Game|Win32
		{8A53D2E2-D3BA-441F-BBEE-1C370B93BAC3}.DebugGame|Win64.ActiveCfg = DebugGame_Game|x64
		{8A53D2E2-D3BA-441F-BBEE-1C370B93BAC3}.DebugGame|Win64.Build.0 = DebugGame_Game|x64
		{8A53D2E2-D3BA-441F-BBEE-1C370B93BAC3}.DebugGame|x64.ActiveCfg = HTML5_DebugGame_Game|x64
		{8A53D2E2-D3BA-441F-BBEE-1C370B93BAC3}.DebugGame|x64.Build.0 = HTML5_DebugGame_Game|x64
		{8A53D2E2-D3BA-441F-BBEE-1C370B93BAC3}.Development Editor|HTML5.ActiveCfg = HTML5_Development_Editor|Win32
		{8A53D2E2-D3BA-441F-BBEE-1C370B93BAC3}.Development Editor|Win32.ActiveCfg = Development_Editor|Win32
		{8A53D2E2-D3BA-441F-BBEE-1C370B93BAC3}.Development Editor|Win64.ActiveCfg = Development_Editor|x64
		{8A53D2E2-D3BA-441F-BBEE-1C370B93BAC3}.Development Editor|Win64.Build.0 = Development_Editor|x64
		{8A53D2E2-D3BA-441F-BBEE-1C370B93BAC3}.Development Editor|x64.ActiveCfg = Development_Game|x64
		{8A53D2E2-D3BA-441F-BBEE-1C370B93BAC3}.Development Editor|x64.Build.0 = Development_Game|x64
		{8A53D2E2-D3BA-441F-BBEE-1C370B93BAC3}.Development|HTML5.ActiveCfg = HTML5_Development_Game|Win32
		{8A53D2E2-D3BA-441F-BBEE-1C370B93BAC3}.Development|HTML5.Build.0 = HTML5_Development_Game|Win32
		{8A53D2E2-D3BA-441F-BBEE-1C370B93BAC3}.Development|Win32.ActiveCfg = Development_Game|Win32
		{8A53D2E2-D3BA-441F-BBEE-1C370B93BAC3}.Development|Win32.Build.0 = Development_Game|Win32
		{8A53D2E2-D3BA-441F-BBEE-1C370B93BAC3}.Development|Win64.ActiveCfg = Development_Game|x64
		{8A53D2E2-D3BA-441F-BBEE-1C370B93BAC3}.Development|Win64.Build.0 = Development_Game|x64
		{8A53D2E2-D3BA-441F-BBEE-1C370B93BAC3}.Development|x64.ActiveCfg = HTML5_Development_Editor|x64
		{8A53D2E2-D3BA-441F-BBEE-1C370B93BAC3}.Development|x64.Build.0 = HTML5_Development_Editor|x64
		{8A53D2E2-D3BA-441F-BBEE-1C370B93BAC3}.Shipping|HTML5.ActiveCfg = HTML5_Shipping_Game|Win32
		{8A53D2E2-D3BA-441F-BBEE-1C370B93BAC3}.Shipping|HTML5.Build.0 = HTML5_Shipping_Game|Win32
		{8A53D2E2-D3BA-441F-BBEE-1C370B93BAC3}.Shipping|Win32.ActiveCfg = Shipping_Game|Win32
		{8A53D2E2-D3BA-441F-BBEE-1C370B93BAC3}.Shipping|Win32.Build.0 = Shipping_Game|Win32
		{8A53D2E2-D3BA-441F-BBEE-1C370B93BAC3}.Shipping|Win64.ActiveCfg = Shipping_Game|x64
		{8A53D2E2-D3BA-441F-BBEE-1C370B93BAC3}.Shipping|Win64.Build.0 = Shipping_Game|x64
		{8A53D2E2-D3BA-441F-BBEE-1C370B93BAC3}.Shipping|x64.ActiveCfg = HTML5_Shipping_Game|x64
		{8A53D2E2-D3BA-441F-BBEE-1C370B93BAC3}.Shipping|x64.Build.0 = HTML5_Shipping_Game|x64
	EndGlobalSection
	GlobalSection(SolutionProperties) = preSolution
		HideSolutionNode = FALSE
	EndGlobalSection
	GlobalSection(NestedProjects) = preSolution
		{A8B35A93-86C0-455F-998C-FF1AE5CEC237} = {F04E4B5F-B43E-43D9-BA40-149DE85E450D}
		{8A53D2E2-D3BA-441F-BBEE-1C370B93BAC3} = {A3464993-76E5-4C96-8AEC-9A61D9B4A674}
	EndGlobalSection
EndGlobal
